
Microsoft Visual Studio Solution File, Format Version 12.00
# Visual Studio Version 16
VisualStudioVersion = 16.0.30503.244
MinimumVisualStudioVersion = 10.0.40219.1
Project("{9A19103F-16F7-4668-BE54-9A1E7A4F7556}") = "Canny", "Canny\Canny.csproj", "{A517402F-84FA-4B76-A08A-7D70064D5C98}"
EndProject
Project("{9A19103F-16F7-4668-BE54-9A1E7A4F7556}") = "NeuralNet", "CNN\NeuralNet.csproj", "{C45CE29A-A658-4360-B42F-4175A237330E}"
EndProject
Project("{9A19103F-16F7-4668-BE54-9A1E7A4F7556}") = "NeuralNet.Tests", "UnitTestProject1\NeuralNet.Tests.csproj", "{9CEF0804-16A5-4A9A-9B6B-077D0C8F7CC7}"
EndProject
Project("{9A19103F-16F7-4668-BE54-9A1E7A4F7556}") = "BitmapLibrary", "BitmapLibrary\BitmapLibrary.csproj", "{AECC7E0D-A162-4D5D-90BB-5240A27FA477}"
EndProject
Global
	GlobalSection(SolutionConfigurationPlatforms) = preSolution
		Debug|Any CPU = Debug|Any CPU
		Release|Any CPU = Release|Any CPU
	EndGlobalSection
	GlobalSection(ProjectConfigurationPlatforms) = postSolution
		{A517402F-84FA-4B76-A08A-7D70064D5C98}.Debug|Any CPU.ActiveCfg = Debug|Any CPU
		{A517402F-84FA-4B76-A08A-7D70064D5C98}.Debug|Any CPU.Build.0 = Debug|Any CPU
		{A517402F-84FA-4B76-A08A-7D70064D5C98}.Release|Any CPU.ActiveCfg = Release|Any CPU
		{A517402F-84FA-4B76-A08A-7D70064D5C98}.Release|Any CPU.Build.0 = Release|Any CPU
		{C45CE29A-A658-4360-B42F-4175A237330E}.Debug|Any CPU.ActiveCfg = Debug|Any CPU
		{C45CE29A-A658-4360-B42F-4175A237330E}.Debug|Any CPU.Build.0 = Debug|Any CPU
		{C45CE29A-A658-4360-B42F-4175A237330E}.Release|Any CPU.ActiveCfg = Release|Any CPU
		{C45CE29A-A658-4360-B42F-4175A237330E}.Release|Any CPU.Build.0 = Release|Any CPU
		{9CEF0804-16A5-4A9A-9B6B-077D0C8F7CC7}.Debug|Any CPU.ActiveCfg = Debug|Any CPU
		{9CEF0804-16A5-4A9A-9B6B-077D0C8F7CC7}.Debug|Any CPU.Build.0 = Debug|Any CPU
		{9CEF0804-16A5-4A9A-9B6B-077D0C8F7CC7}.Release|Any CPU.ActiveCfg = Release|Any CPU
		{9CEF0804-16A5-4A9A-9B6B-077D0C8F7CC7}.Release|Any CPU.Build.0 = Release|Any CPU
		{AECC7E0D-A162-4D5D-90BB-5240A27FA477}.Debug|Any CPU.ActiveCfg = Debug|Any CPU
		{AECC7E0D-A162-4D5D-90BB-5240A27FA477}.Debug|Any CPU.Build.0 = Debug|Any CPU
		{AECC7E0D-A162-4D5D-90BB-5240A27FA477}.Release|Any CPU.ActiveCfg = Release|Any CPU
		{AECC7E0D-A162-4D5D-90BB-5240A27FA477}.Release|Any CPU.Build.0 = Release|Any CPU
	EndGlobalSection
	GlobalSection(SolutionProperties) = preSolution
		HideSolutionNode = FALSE
	EndGlobalSection
	GlobalSection(ExtensibilityGlobals) = postSolution
		SolutionGuid = {EB2137BB-3903-4DD9-A788-CDF0FEA24003}
	EndGlobalSection
EndGlobal
